
Microsoft Visual Studio Solution File, Format Version 12.00
# Visual Studio Version 17
VisualStudioVersion = 17.10.34928.147
MinimumVisualStudioVersion = 10.0.40219.1
Project("{9A19103F-16F7-4668-BE54-9A1E7A4F7556}") = "Grade.API", "HomeWork\Grade.API.csproj", "{D23E6BA6-21B7-47DC-BC2F-85ECC032C2A6}"
EndProject
Project("{9A19103F-16F7-4668-BE54-9A1E7A4F7556}") = "Common.Core", "Common.Core\Common.Core.csproj", "{B48E78D4-A09F-4371-95BC-ADD11B9F7E8E}"
EndProject
Project("{E53339B2-1760-4266-BCC7-CA923CBCF16C}") = "docker-compose", "docker-compose.dcproj", "{7D74249B-8A11-4071-8969-55971AD6F26F}"
EndProject
Global
	GlobalSection(SolutionConfigurationPlatforms) = preSolution
		Debug|Any CPU = Debug|Any CPU
		Release|Any CPU = Release|Any CPU
	EndGlobalSection
	GlobalSection(ProjectConfigurationPlatforms) = postSolution
		{D23E6BA6-21B7-47DC-BC2F-85ECC032C2A6}.Debug|Any CPU.ActiveCfg = Debug|Any CPU
		{D23E6BA6-21B7-47DC-BC2F-85ECC032C2A6}.Debug|Any CPU.Build.0 = Debug|Any CPU
		{D23E6BA6-21B7-47DC-BC2F-85ECC032C2A6}.Release|Any CPU.ActiveCfg = Release|Any CPU
		{D23E6BA6-21B7-47DC-BC2F-85ECC032C2A6}.Release|Any CPU.Build.0 = Release|Any CPU
		{B48E78D4-A09F-4371-95BC-ADD11B9F7E8E}.Debug|Any CPU.ActiveCfg = Debug|Any CPU
		{B48E78D4-A09F-4371-95BC-ADD11B9F7E8E}.Debug|Any CPU.Build.0 = Debug|Any CPU
		{B48E78D4-A09F-4371-95BC-ADD11B9F7E8E}.Release|Any CPU.ActiveCfg = Release|Any CPU
		{B48E78D4-A09F-4371-95BC-ADD11B9F7E8E}.Release|Any CPU.Build.0 = Release|Any CPU
		{7D74249B-8A11-4071-8969-55971AD6F26F}.Debug|Any CPU.ActiveCfg = Debug|Any CPU
		{7D74249B-8A11-4071-8969-55971AD6F26F}.Debug|Any CPU.Build.0 = Debug|Any CPU
		{7D74249B-8A11-4071-8969-55971AD6F26F}.Release|Any CPU.ActiveCfg = Release|Any CPU
		{7D74249B-8A11-4071-8969-55971AD6F26F}.Release|Any CPU.Build.0 = Release|Any CPU
	EndGlobalSection
	GlobalSection(SolutionProperties) = preSolution
		HideSolutionNode = FALSE
	EndGlobalSection
	GlobalSection(ExtensibilityGlobals) = postSolution
		SolutionGuid = {A4ECCAC3-AC67-40D2-9423-A6005CA6E8B5}
	EndGlobalSection
EndGlobal
